// !$*UTF8*$!
{
	archiveVersion = 1;
	classes = {
	};
	objectVersion = 46;
	objects = {

/* Begin PBXBuildFile section */
		921268601A2B440E007DFD1C /* GameApplicationLayer.framework in Frameworks */ = {isa = PBXBuildFile; fileRef = 9250E20A1A29E3C4006B70D8 /* GameApplicationLayer.framework */; };
		921268611A2B440E007DFD1C /* GameApplicationLayer.framework in Embed Frameworks */ = {isa = PBXBuildFile; fileRef = 9250E20A1A29E3C4006B70D8 /* GameApplicationLayer.framework */; settings = {ATTRIBUTES = (CodeSignOnCopy, RemoveHeadersOnCopy, ); }; };
		9250E1B01A29D9D7006B70D8 /* AppDelegate.swift in Sources */ = {isa = PBXBuildFile; fileRef = 9250E1AF1A29D9D7006B70D8 /* AppDelegate.swift */; };
		9250E1B21A29D9D7006B70D8 /* ViewController.swift in Sources */ = {isa = PBXBuildFile; fileRef = 9250E1B11A29D9D7006B70D8 /* ViewController.swift */; };
		9250E1B51A29D9D7006B70D8 /* Main.storyboard in Resources */ = {isa = PBXBuildFile; fileRef = 9250E1B31A29D9D7006B70D8 /* Main.storyboard */; };
		9250E1B71A29D9D7006B70D8 /* Images.xcassets in Resources */ = {isa = PBXBuildFile; fileRef = 9250E1B61A29D9D7006B70D8 /* Images.xcassets */; };
		9250E1BA1A29D9D7006B70D8 /* LaunchScreen.xib in Resources */ = {isa = PBXBuildFile; fileRef = 9250E1B81A29D9D7006B70D8 /* LaunchScreen.xib */; };
		9250E1C61A29D9D7006B70D8 /* FakeFreeBallGameTests.swift in Sources */ = {isa = PBXBuildFile; fileRef = 9250E1C51A29D9D7006B70D8 /* FakeFreeBallGameTests.swift */; };
/* End PBXBuildFile section */

/* Begin PBXContainerItemProxy section */
		9212685D1A2B43F3007DFD1C /* PBXContainerItemProxy */ = {
			isa = PBXContainerItemProxy;
			containerPortal = 9250E2041A29E3C4006B70D8 /* GameApplicationLayer.xcodeproj */;
			proxyType = 1;
			remoteGlobalIDString = 9250E1E71A29E3AD006B70D8;
			remoteInfo = GameApplicationLayer;
		};
		921268621A2B440E007DFD1C /* PBXContainerItemProxy */ = {
			isa = PBXContainerItemProxy;
			containerPortal = 9250E2041A29E3C4006B70D8 /* GameApplicationLayer.xcodeproj */;
			proxyType = 1;
			remoteGlobalIDString = 9250E1E71A29E3AD006B70D8;
			remoteInfo = GameApplicationLayer;
		};
		9250E1C01A29D9D7006B70D8 /* PBXContainerItemProxy */ = {
			isa = PBXContainerItemProxy;
			containerPortal = 9250E1A21A29D9D7006B70D8 /* Project object */;
			proxyType = 1;
			remoteGlobalIDString = 9250E1A91A29D9D7006B70D8;
			remoteInfo = FakeFreeBallGame;
		};
		9250E2091A29E3C4006B70D8 /* PBXContainerItemProxy */ = {
			isa = PBXContainerItemProxy;
			containerPortal = 9250E2041A29E3C4006B70D8 /* GameApplicationLayer.xcodeproj */;
			proxyType = 2;
			remoteGlobalIDString = 9250E1E81A29E3AD006B70D8;
			remoteInfo = GameApplicationLayer;
		};
		9250E20B1A29E3C4006B70D8 /* PBXContainerItemProxy */ = {
			isa = PBXContainerItemProxy;
			containerPortal = 9250E2041A29E3C4006B70D8 /* GameApplicationLayer.xcodeproj */;
			proxyType = 2;
			remoteGlobalIDString = 9250E1F31A29E3AE006B70D8;
			remoteInfo = GameApplicationLayerTests;
		};
/* End PBXContainerItemProxy section */

/* Begin PBXCopyFilesBuildPhase section */
		921268641A2B440E007DFD1C /* Embed Frameworks */ = {
			isa = PBXCopyFilesBuildPhase;
			buildActionMask = 2147483647;
			dstPath = "";
			dstSubfolderSpec = 10;
			files = (
				921268611A2B440E007DFD1C /* GameApplicationLayer.framework in Embed Frameworks */,
			);
			name = "Embed Frameworks";
			runOnlyForDeploymentPostprocessing = 0;
		};
/* End PBXCopyFilesBuildPhase section */

/* Begin PBXFileReference section */
		9250E1AA1A29D9D7006B70D8 /* FakeFreeBallGame.app */ = {isa = PBXFileReference; explicitFileType = wrapper.application; includeInIndex = 0; path = FakeFreeBallGame.app; sourceTree = BUILT_PRODUCTS_DIR; };
		9250E1AE1A29D9D7006B70D8 /* Info.plist */ = {isa = PBXFileReference; lastKnownFileType = text.plist.xml; path = Info.plist; sourceTree = "<group>"; };
		9250E1AF1A29D9D7006B70D8 /* AppDelegate.swift */ = {isa = PBXFileReference; lastKnownFileType = sourcecode.swift; path = AppDelegate.swift; sourceTree = "<group>"; };
		9250E1B11A29D9D7006B70D8 /* ViewController.swift */ = {isa = PBXFileReference; lastKnownFileType = sourcecode.swift; path = ViewController.swift; sourceTree = "<group>"; };
		9250E1B41A29D9D7006B70D8 /* Base */ = {isa = PBXFileReference; lastKnownFileType = file.storyboard; name = Base; path = Base.lproj/Main.storyboard; sourceTree = "<group>"; };
		9250E1B61A29D9D7006B70D8 /* Images.xcassets */ = {isa = PBXFileReference; lastKnownFileType = folder.assetcatalog; path = Images.xcassets; sourceTree = "<group>"; };
		9250E1B91A29D9D7006B70D8 /* Base */ = {isa = PBXFileReference; lastKnownFileType = file.xib; name = Base; path = Base.lproj/LaunchScreen.xib; sourceTree = "<group>"; };
		9250E1BF1A29D9D7006B70D8 /* FakeFreeBallGameTests.xctest */ = {isa = PBXFileReference; explicitFileType = wrapper.cfbundle; includeInIndex = 0; path = FakeFreeBallGameTests.xctest; sourceTree = BUILT_PRODUCTS_DIR; };
		9250E1C41A29D9D7006B70D8 /* Info.plist */ = {isa = PBXFileReference; lastKnownFileType = text.plist.xml; path = Info.plist; sourceTree = "<group>"; };
		9250E1C51A29D9D7006B70D8 /* FakeFreeBallGameTests.swift */ = {isa = PBXFileReference; lastKnownFileType = sourcecode.swift; path = FakeFreeBallGameTests.swift; sourceTree = "<group>"; };
		9250E2041A29E3C4006B70D8 /* GameApplicationLayer.xcodeproj */ = {isa = PBXFileReference; lastKnownFileType = "wrapper.pb-project"; name = GameApplicationLayer.xcodeproj; path = ../GameApplicationLayer/GameApplicationLayer.xcodeproj; sourceTree = "<group>"; };
/* End PBXFileReference section */

/* Begin PBXFrameworksBuildPhase section */
		9250E1A71A29D9D7006B70D8 /* Frameworks */ = {
			isa = PBXFrameworksBuildPhase;
			buildActionMask = 2147483647;
			files = (
				921268601A2B440E007DFD1C /* GameApplicationLayer.framework in Frameworks */,
			);
			runOnlyForDeploymentPostprocessing = 0;
		};
		9250E1BC1A29D9D7006B70D8 /* Frameworks */ = {
			isa = PBXFrameworksBuildPhase;
			buildActionMask = 2147483647;
			files = (
			);
			runOnlyForDeploymentPostprocessing = 0;
		};
/* End PBXFrameworksBuildPhase section */

/* Begin PBXGroup section */
		9250E1A11A29D9D7006B70D8 = {
			isa = PBXGroup;
			children = (
				9250E1AC1A29D9D7006B70D8 /* FakeFreeBallGame */,
				9250E1C21A29D9D7006B70D8 /* FakeFreeBallGameTests */,
				9250E1AB1A29D9D7006B70D8 /* Products */,
				9250E2041A29E3C4006B70D8 /* GameApplicationLayer.xcodeproj */,
			);
			sourceTree = "<group>";
		};
		9250E1AB1A29D9D7006B70D8 /* Products */ = {
			isa = PBXGroup;
			children = (
				9250E1AA1A29D9D7006B70D8 /* FakeFreeBallGame.app */,
				9250E1BF1A29D9D7006B70D8 /* FakeFreeBallGameTests.xctest */,
			);
			name = Products;
			sourceTree = "<group>";
		};
		9250E1AC1A29D9D7006B70D8 /* FakeFreeBallGame */ = {
			isa = PBXGroup;
			children = (
				9250E1AF1A29D9D7006B70D8 /* AppDelegate.swift */,
				9250E1B11A29D9D7006B70D8 /* ViewController.swift */,
				9250E1B31A29D9D7006B70D8 /* Main.storyboard */,
				9250E1B61A29D9D7006B70D8 /* Images.xcassets */,
				9250E1B81A29D9D7006B70D8 /* LaunchScreen.xib */,
				9250E1AD1A29D9D7006B70D8 /* Supporting Files */,
			);
			path = FakeFreeBallGame;
			sourceTree = "<group>";
		};
		9250E1AD1A29D9D7006B70D8 /* Supporting Files */ = {
			isa = PBXGroup;
			children = (
				9250E1AE1A29D9D7006B70D8 /* Info.plist */,
			);
			name = "Supporting Files";
			sourceTree = "<group>";
		};
		9250E1C21A29D9D7006B70D8 /* FakeFreeBallGameTests */ = {
			isa = PBXGroup;
			children = (
				9250E1C51A29D9D7006B70D8 /* FakeFreeBallGameTests.swift */,
				9250E1C31A29D9D7006B70D8 /* Supporting Files */,
			);
			path = FakeFreeBallGameTests;
			sourceTree = "<group>";
		};
		9250E1C31A29D9D7006B70D8 /* Supporting Files */ = {
			isa = PBXGroup;
			children = (
				9250E1C41A29D9D7006B70D8 /* Info.plist */,
			);
			name = "Supporting Files";
			sourceTree = "<group>";
		};
		9250E2051A29E3C4006B70D8 /* Products */ = {
			isa = PBXGroup;
			children = (
				9250E20A1A29E3C4006B70D8 /* GameApplicationLayer.framework */,
				9250E20C1A29E3C4006B70D8 /* GameApplicationLayerTests.xctest */,
			);
			name = Products;
			sourceTree = "<group>";
		};
/* End PBXGroup section */

/* Begin PBXNativeTarget section */
		9250E1A91A29D9D7006B70D8 /* FakeFreeBallGame */ = {
			isa = PBXNativeTarget;
			buildConfigurationList = 9250E1C91A29D9D7006B70D8 /* Build configuration list for PBXNativeTarget "FakeFreeBallGame" */;
			buildPhases = (
				9250E1A61A29D9D7006B70D8 /* Sources */,
				9250E1A71A29D9D7006B70D8 /* Frameworks */,
				9250E1A81A29D9D7006B70D8 /* Resources */,
				921268641A2B440E007DFD1C /* Embed Frameworks */,
			);
			buildRules = (
			);
			dependencies = (
				9212685E1A2B43F3007DFD1C /* PBXTargetDependency */,
				921268631A2B440E007DFD1C /* PBXTargetDependency */,
			);
			name = FakeFreeBallGame;
			productName = FakeFreeBallGame;
			productReference = 9250E1AA1A29D9D7006B70D8 /* FakeFreeBallGame.app */;
			productType = "com.apple.product-type.application";
		};
		9250E1BE1A29D9D7006B70D8 /* FakeFreeBallGameTests */ = {
			isa = PBXNativeTarget;
			buildConfigurationList = 9250E1CC1A29D9D7006B70D8 /* Build configuration list for PBXNativeTarget "FakeFreeBallGameTests" */;
			buildPhases = (
				9250E1BB1A29D9D7006B70D8 /* Sources */,
				9250E1BC1A29D9D7006B70D8 /* Frameworks */,
				9250E1BD1A29D9D7006B70D8 /* Resources */,
			);
			buildRules = (
			);
			dependencies = (
				9250E1C11A29D9D7006B70D8 /* PBXTargetDependency */,
			);
			name = FakeFreeBallGameTests;
			productName = FakeFreeBallGameTests;
			productReference = 9250E1BF1A29D9D7006B70D8 /* FakeFreeBallGameTests.xctest */;
			productType = "com.apple.product-type.bundle.unit-test";
		};
/* End PBXNativeTarget section */

/* Begin PBXProject section */
		9250E1A21A29D9D7006B70D8 /* Project object */ = {
			isa = PBXProject;
			attributes = {
				LastUpgradeCheck = 0610;
				ORGANIZATIONNAME = "Our company";
				TargetAttributes = {
					9250E1A91A29D9D7006B70D8 = {
						CreatedOnToolsVersion = 6.1;
					};
					9250E1BE1A29D9D7006B70D8 = {
						CreatedOnToolsVersion = 6.1;
						TestTargetID = 9250E1A91A29D9D7006B70D8;
					};
				};
			};
			buildConfigurationList = 9250E1A51A29D9D7006B70D8 /* Build configuration list for PBXProject "FakeFreeBallGame" */;
			compatibilityVersion = "Xcode 3.2";
			developmentRegion = English;
			hasScannedForEncodings = 0;
			knownRegions = (
				en,
				Base,
			);
			mainGroup = 9250E1A11A29D9D7006B70D8;
			productRefGroup = 9250E1AB1A29D9D7006B70D8 /* Products */;
			projectDirPath = "";
			projectReferences = (
				{
					ProductGroup = 9250E2051A29E3C4006B70D8 /* Products */;
					ProjectRef = 9250E2041A29E3C4006B70D8 /* GameApplicationLayer.xcodeproj */;
				},
			);
			projectRoot = "";
			targets = (
				9250E1A91A29D9D7006B70D8 /* FakeFreeBallGame */,
				9250E1BE1A29D9D7006B70D8 /* FakeFreeBallGameTests */,
			);
		};
/* End PBXProject section */

/* Begin PBXReferenceProxy section */
		9250E20A1A29E3C4006B70D8 /* GameApplicationLayer.framework */ = {
			isa = PBXReferenceProxy;
			fileType = wrapper.framework;
			path = GameApplicationLayer.framework;
			remoteRef = 9250E2091A29E3C4006B70D8 /* PBXContainerItemProxy */;
			sourceTree = BUILT_PRODUCTS_DIR;
		};
		9250E20C1A29E3C4006B70D8 /* GameApplicationLayerTests.xctest */ = {
			isa = PBXReferenceProxy;
			fileType = wrapper.cfbundle;
			path = GameApplicationLayerTests.xctest;
			remoteRef = 9250E20B1A29E3C4006B70D8 /* PBXContainerItemProxy */;
			sourceTree = BUILT_PRODUCTS_DIR;
		};
/* End PBXReferenceProxy section */

/* Begin PBXResourcesBuildPhase section */
		9250E1A81A29D9D7006B70D8 /* Resources */ = {
			isa = PBXResourcesBuildPhase;
			buildActionMask = 2147483647;
			files = (
				9250E1B51A29D9D7006B70D8 /* Main.storyboard in Resources */,
				9250E1BA1A29D9D7006B70D8 /* LaunchScreen.xib in Resources */,
				9250E1B71A29D9D7006B70D8 /* Images.xcassets in Resources */,
			);
			runOnlyForDeploymentPostprocessing = 0;
		};
		9250E1BD1A29D9D7006B70D8 /* Resources */ = {
			isa = PBXResourcesBuildPhase;
			buildActionMask = 2147483647;
			files = (
			);
			runOnlyForDeploymentPostprocessing = 0;
		};
/* End PBXResourcesBuildPhase section */

/* Begin PBXSourcesBuildPhase section */
		9250E1A61A29D9D7006B70D8 /* Sources */ = {
			isa = PBXSourcesBuildPhase;
			buildActionMask = 2147483647;
			files = (
				9250E1B21A29D9D7006B70D8 /* ViewController.swift in Sources */,
				9250E1B01A29D9D7006B70D8 /* AppDelegate.swift in Sources */,
			);
			runOnlyForDeploymentPostprocessing = 0;
		};
		9250E1BB1A29D9D7006B70D8 /* Sources */ = {
			isa = PBXSourcesBuildPhase;
			buildActionMask = 2147483647;
			files = (
				9250E1C61A29D9D7006B70D8 /* FakeFreeBallGameTests.swift in Sources */,
			);
			runOnlyForDeploymentPostprocessing = 0;
		};
/* End PBXSourcesBuildPhase section */

/* Begin PBXTargetDependency section */
		9212685E1A2B43F3007DFD1C /* PBXTargetDependency */ = {
			isa = PBXTargetDependency;
			name = GameApplicationLayer;
			targetProxy = 9212685D1A2B43F3007DFD1C /* PBXContainerItemProxy */;
		};
		921268631A2B440E007DFD1C /* PBXTargetDependency */ = {
			isa = PBXTargetDependency;
			name = GameApplicationLayer;
			targetProxy = 921268621A2B440E007DFD1C /* PBXContainerItemProxy */;
		};
		9250E1C11A29D9D7006B70D8 /* PBXTargetDependency */ = {
			isa = PBXTargetDependency;
			target = 9250E1A91A29D9D7006B70D8 /* FakeFreeBallGame */;
			targetProxy = 9250E1C01A29D9D7006B70D8 /* PBXContainerItemProxy */;
		};
/* End PBXTargetDependency section */

/* Begin PBXVariantGroup section */
		9250E1B31A29D9D7006B70D8 /* Main.storyboard */ = {
			isa = PBXVariantGroup;
			children = (
				9250E1B41A29D9D7006B70D8 /* Base */,
			);
			name = Main.storyboard;
			sourceTree = "<group>";
		};
		9250E1B81A29D9D7006B70D8 /* LaunchScreen.xib */ = {
			isa = PBXVariantGroup;
			children = (
				9250E1B91A29D9D7006B70D8 /* Base */,
			);
			name = LaunchScreen.xib;
			sourceTree = "<group>";
		};
/* End PBXVariantGroup section */

/* Begin XCBuildConfiguration section */
		9250E1C71A29D9D7006B70D8 /* Debug */ = {
			isa = XCBuildConfiguration;
			buildSettings = {
				ALWAYS_SEARCH_USER_PATHS = NO;
				CLANG_CXX_LANGUAGE_STANDARD = "gnu++0x";
				CLANG_CXX_LIBRARY = "libc++";
				CLANG_ENABLE_MODULES = YES;
				CLANG_ENABLE_OBJC_ARC = YES;
				CLANG_WARN_BOOL_CONVERSION = YES;
				CLANG_WARN_CONSTANT_CONVERSION = YES;
				CLANG_WARN_DIRECT_OBJC_ISA_USAGE = YES_ERROR;
				CLANG_WARN_EMPTY_BODY = YES;
				CLANG_WARN_ENUM_CONVERSION = YES;
				CLANG_WARN_INT_CONVERSION = YES;
				CLANG_WARN_OBJC_ROOT_CLASS = YES_ERROR;
				CLANG_WARN_UNREACHABLE_CODE = YES;
				CLANG_WARN__DUPLICATE_METHOD_MATCH = YES;
				"CODE_SIGN_IDENTITY[sdk=iphoneos*]" = "iPhone Developer";
				COPY_PHASE_STRIP = NO;
				ENABLE_STRICT_OBJC_MSGSEND = YES;
				GCC_C_LANGUAGE_STANDARD = gnu99;
				GCC_DYNAMIC_NO_PIC = NO;
				GCC_OPTIMIZATION_LEVEL = 0;
				GCC_PREPROCESSOR_DEFINITIONS = (
					"DEBUG=1",
					"$(inherited)",
				);
				GCC_SYMBOLS_PRIVATE_EXTERN = NO;
				GCC_WARN_64_TO_32_BIT_CONVERSION = YES;
				GCC_WARN_ABOUT_RETURN_TYPE = YES_ERROR;
				GCC_WARN_UNDECLARED_SELECTOR = YES;
				GCC_WARN_UNINITIALIZED_AUTOS = YES_AGGRESSIVE;
				GCC_WARN_UNUSED_FUNCTION = YES;
				GCC_WARN_UNUSED_VARIABLE = YES;
				IPHONEOS_DEPLOYMENT_TARGET = 8.1;
				MTL_ENABLE_DEBUG_INFO = YES;
				ONLY_ACTIVE_ARCH = YES;
				SDKROOT = iphoneos;
				SWIFT_OPTIMIZATION_LEVEL = "-Onone";
				TARGETED_DEVICE_FAMILY = "1,2";
			};
			name = Debug;
		};
		9250E1C81A29D9D7006B70D8 /* Release */ = {
			isa = XCBuildConfiguration;
			buildSettings = {
				ALWAYS_SEARCH_USER_PATHS = NO;
				CLANG_CXX_LANGUAGE_STANDARD = "gnu++0x";
				CLANG_CXX_LIBRARY = "libc++";
				CLANG_ENABLE_MODULES = YES;
				CLANG_ENABLE_OBJC_ARC = YES;
				CLANG_WARN_BOOL_CONVERSION = YES;
				CLANG_WARN_CONSTANT_CONVERSION = YES;
				CLANG_WARN_DIRECT_OBJC_ISA_USAGE = YES_ERROR;
				CLANG_WARN_EMPTY_BODY = YES;
				CLANG_WARN_ENUM_CONVERSION = YES;
				CLANG_WARN_INT_CONVERSION = YES;
				CLANG_WARN_OBJC_ROOT_CLASS = YES_ERROR;
				CLANG_WARN_UNREACHABLE_CODE = YES;
				CLANG_WARN__DUPLICATE_METHOD_MATCH = YES;
				"CODE_SIGN_IDENTITY[sdk=iphoneos*]" = "iPhone Developer";
				COPY_PHASE_STRIP = YES;
				ENABLE_NS_ASSERTIONS = NO;
				ENABLE_STRICT_OBJC_MSGSEND = YES;
				GCC_C_LANGUAGE_STANDARD = gnu99;
				GCC_WARN_64_TO_32_BIT_CONVERSION = YES;
				GCC_WARN_ABOUT_RETURN_TYPE = YES_ERROR;
				GCC_WARN_UNDECLARED_SELECTOR = YES;
				GCC_WARN_UNINITIALIZED_AUTOS = YES_AGGRESSIVE;
				GCC_WARN_UNUSED_FUNCTION = YES;
				GCC_WARN_UNUSED_VARIABLE = YES;
				IPHONEOS_DEPLOYMENT_TARGET = 8.1;
				MTL_ENABLE_DEBUG_INFO = NO;
				SDKROOT = iphoneos;
				TARGETED_DEVICE_FAMILY = "1,2";
				VALIDATE_PRODUCT = YES;
			};
			name = Release;
		};
		9250E1CA1A29D9D7006B70D8 /* Debug */ = {
			isa = XCBuildConfiguration;
			buildSettings = {
				ASSETCATALOG_COMPILER_APPICON_NAME = AppIcon;
				EMBEDDED_CONTENT_CONTAINS_SWIFT = YES;
				INFOPLIST_FILE = FakeFreeBallGame/Info.plist;
				IPHONEOS_DEPLOYMENT_TARGET = 8.1;
				LD_DYLIB_INSTALL_NAME = "";
				LD_RUNPATH_SEARCH_PATHS = "$(inherited) @executable_path/Frameworks";
				PRODUCT_NAME = "$(TARGET_NAME)";
			};
			name = Debug;
		};
		9250E1CB1A29D9D7006B70D8 /* Release */ = {
			isa = XCBuildConfiguration;
			buildSettings = {
				ASSETCATALOG_COMPILER_APPICON_NAME = AppIcon;
				EMBEDDED_CONTENT_CONTAINS_SWIFT = YES;
				INFOPLIST_FILE = FakeFreeBallGame/Info.plist;
				IPHONEOS_DEPLOYMENT_TARGET = 8.1;
				LD_DYLIB_INSTALL_NAME = "";
				LD_RUNPATH_SEARCH_PATHS = "$(inherited) @executable_path/Frameworks";
				PRODUCT_NAME = "$(TARGET_NAME)";
			};
			name = Release;
		};
		9250E1CD1A29D9D7006B70D8 /* Debug */ = {
			isa = XCBuildConfiguration;
			buildSettings = {
				BUNDLE_LOADER = "$(TEST_HOST)";
				FRAMEWORK_SEARCH_PATHS = (
					"$(SDKROOT)/Developer/Library/Frameworks",
					"$(inherited)",
				);
				GCC_PREPROCESSOR_DEFINITIONS = (
					"DEBUG=1",
					"$(inherited)",
				);
				INFOPLIST_FILE = FakeFreeBallGameTests/Info.plist;
				LD_RUNPATH_SEARCH_PATHS = "$(inherited) @executable_path/Frameworks @loader_path/Frameworks";
				PRODUCT_NAME = "$(TARGET_NAME)";
				TEST_HOST = "$(BUILT_PRODUCTS_DIR)/FakeFreeBallGame.app/FakeFreeBallGame";
			};
			name = Debug;
		};
		9250E1CE1A29D9D7006B70D8 /* Release */ = {
			isa = XCBuildConfiguration;
			buildSettings = {
				BUNDLE_LOADER = "$(TEST_HOST)";
				FRAMEWORK_SEARCH_PATHS = (
					"$(SDKROOT)/Developer/Library/Frameworks",
					"$(inherited)",
				);
				INFOPLIST_FILE = FakeFreeBallGameTests/Info.plist;
				LD_RUNPATH_SEARCH_PATHS = "$(inherited) @executable_path/Frameworks @loader_path/Frameworks";
				PRODUCT_NAME = "$(TARGET_NAME)";
				TEST_HOST = "$(BUILT_PRODUCTS_DIR)/FakeFreeBallGame.app/FakeFreeBallGame";
			};
			name = Release;
		};
/* End XCBuildConfiguration section */

/* Begin XCConfigurationList section */
		9250E1A51A29D9D7006B70D8 /* Build configuration list for PBXProject "FakeFreeBallGame" */ = {
			isa = XCConfigurationList;
			buildConfigurations = (
				9250E1C71A29D9D7006B70D8 /* Debug */,
				9250E1C81A29D9D7006B70D8 /* Release */,
			);
			defaultConfigurationIsVisible = 0;
			defaultConfigurationName = Release;
		};
		9250E1C91A29D9D7006B70D8 /* Build configuration list for PBXNativeTarget "FakeFreeBallGame" */ = {
			isa = XCConfigurationList;
			buildConfigurations = (
				9250E1CA1A29D9D7006B70D8 /* Debug */,
				9250E1CB1A29D9D7006B70D8 /* Release */,
			);
			defaultConfigurationIsVisible = 0;
			defaultConfigurationName = Release;
		};
		9250E1CC1A29D9D7006B70D8 /* Build configuration list for PBXNativeTarget "FakeFreeBallGameTests" */ = {
			isa = XCConfigurationList;
			buildConfigurations = (
				9250E1CD1A29D9D7006B70D8 /* Debug */,
				9250E1CE1A29D9D7006B70D8 /* Release */,
			);
			defaultConfigurationIsVisible = 0;
			defaultConfigurationName = Release;
		};
/* End XCConfigurationList section */
	};
	rootObject = 9250E1A21A29D9D7006B70D8 /* Project object */;
}
